
Microsoft Visual Studio Solution File, Format Version 12.00
# Visual Studio Version 17
VisualStudioVersion = 17.0.32014.148
MinimumVisualStudioVersion = 10.0.40219.1
Project("{FAE04EC0-301F-11D3-BF4B-00C04F79EFBC}") = "Day26 - Static Method and Class", "Day26 - Static Method and Class\Day26 - Static Method and Class.csproj", "{FC712C8E-5C2F-476C-830A-BE5F1C6CE726}"
EndProject
Global
	GlobalSection(SolutionConfigurationPlatforms) = preSolution
		Debug|Any CPU = Debug|Any CPU
		Release|Any CPU = Release|Any CPU
	EndGlobalSection
	GlobalSection(ProjectConfigurationPlatforms) = postSolution
		{FC712C8E-5C2F-476C-830A-BE5F1C6CE726}.Debug|Any CPU.ActiveCfg = Debug|Any CPU
		{FC712C8E-5C2F-476C-830A-BE5F1C6CE726}.Debug|Any CPU.Build.0 = Debug|Any CPU
		{FC712C8E-5C2F-476C-830A-BE5F1C6CE726}.Release|Any CPU.ActiveCfg = Release|Any CPU
		{FC712C8E-5C2F-476C-830A-BE5F1C6CE726}.Release|Any CPU.Build.0 = Release|Any CPU
	EndGlobalSection
	GlobalSection(SolutionProperties) = preSolution
		HideSolutionNode = FALSE
	EndGlobalSection
	GlobalSection(ExtensibilityGlobals) = postSolution
		SolutionGuid = {829FD969-BEF4-4E7A-BE48-AC5986841040}
	EndGlobalSection
EndGlobal
