
Microsoft Visual Studio Solution File, Format Version 12.00
# Visual Studio Version 17
VisualStudioVersion = 17.0.32014.148
MinimumVisualStudioVersion = 10.0.40219.1
Project("{FAE04EC0-301F-11D3-BF4B-00C04F79EFBC}") = "Day05-Work with Number", "Day05-Work with Number\Day05-Work with Number.csproj", "{AC5597BB-14E5-4568-88C5-1E6FBF6E8591}"
EndProject
Global
	GlobalSection(SolutionConfigurationPlatforms) = preSolution
		Debug|Any CPU = Debug|Any CPU
		Release|Any CPU = Release|Any CPU
	EndGlobalSection
	GlobalSection(ProjectConfigurationPlatforms) = postSolution
		{AC5597BB-14E5-4568-88C5-1E6FBF6E8591}.Debug|Any CPU.ActiveCfg = Debug|Any CPU
		{AC5597BB-14E5-4568-88C5-1E6FBF6E8591}.Debug|Any CPU.Build.0 = Debug|Any CPU
		{AC5597BB-14E5-4568-88C5-1E6FBF6E8591}.Release|Any CPU.ActiveCfg = Release|Any CPU
		{AC5597BB-14E5-4568-88C5-1E6FBF6E8591}.Release|Any CPU.Build.0 = Release|Any CPU
	EndGlobalSection
	GlobalSection(SolutionProperties) = preSolution
		HideSolutionNode = FALSE
	EndGlobalSection
	GlobalSection(ExtensibilityGlobals) = postSolution
		SolutionGuid = {78381CBA-7AC0-4930-84CF-E9CB8B0FC13C}
	EndGlobalSection
EndGlobal
